<?xml version="1.0" encoding="utf-8"?>
<Project ToolsVersion="4.0" xmlns="http://schemas.microsoft.com/developer/msbuild/2003">
  <ItemGroup>
    <ClInclude Include="..\src\resampler\arch.h">
      <Filter>hdf</Filter>
    </ClInclude>
    <ClInclude Include="..\src\hrtf\kdtree.h">
      <Filter>hdf</Filter>
    </ClInclude>
    <ClInclude Include="..\src\hrtf\mysofa.h">
      <Filter>hdf</Filter>
    </ClInclude>
    <ClInclude Include="..\src\hdf\reader.h">
      <Filter>hdf</Filter>
    </ClInclude>
    <ClInclude Include="..\src\resampler\speex_resampler.h">
      <Filter>hdf</Filter>
    </ClInclude>
    <ClInclude Include="..\src\resampler\stack_alloc.h">
      <Filter>hdf</Filter>
    </ClInclude>
    <ClInclude Include="..\src\hrtf\tools.h">
      <Filter>hdf</Filter>
    </ClInclude>
  </ItemGroup>
  <ItemGroup>
    <Filter Include="hdf">
      <UniqueIdentifier>{a75e900c-ac70-4b83-959a-03c6c18cc4c5}</UniqueIdentifier>
    </Filter>
    <Filter Include="hrtf">
      <UniqueIdentifier>{b57286f1-935f-466a-8bd8-6c6cf89b442c}</UniqueIdentifier>
    </Filter>
  </ItemGroup>
  <ItemGroup>
    <ClCompile Include="..\src\hrtf\cache.c">
      <Filter>hrtf</Filter>
    </ClCompile>
    <ClCompile Include="..\src\hrtf\check.c">
      <Filter>hrtf</Filter>
    </ClCompile>
    <ClCompile Include="..\src\hdf\btree.c">
      <Filter>hrtf</Filter>
    </ClCompile>
    <ClCompile Include="..\src\hdf\dataobject.c">
      <Filter>hrtf</Filter>
    </ClCompile>
    <ClCompile Include="..\src\hdf\fractalhead.c">
      <Filter>hrtf</Filter>
    </ClCompile>
    <ClCompile Include="..\src\hdf\gcol.c">
      <Filter>hrtf</Filter>
    </ClCompile>
    <ClCompile Include="..\src\hdf\gunzip.c">
      <Filter>hrtf</Filter>
    </ClCompile>
    <ClCompile Include="..\src\hdf\superblock.c">
      <Filter>hrtf</Filter>
    </ClCompile>
    <ClCompile Include="..\src\hrtf\easy.c">
      <Filter>hrtf</Filter>
    </ClCompile>
    <ClCompile Include="..\src\hrtf\interpolate.c">
      <Filter>hrtf</Filter>
    </ClCompile>
    <ClCompile Include="..\src\hrtf\kdtree.c">
      <Filter>hrtf</Filter>
    </ClCompile>
    <ClCompile Include="..\src\hrtf\lookup.c">
      <Filter>hrtf</Filter>
    </ClCompile>
    <ClCompile Include="..\src\hrtf\loudness.c">
      <Filter>hrtf</Filter>
    </ClCompile>
    <ClCompile Include="..\src\hrtf\minphase.c">
      <Filter>hrtf</Filter>
    </ClCompile>
    <ClCompile Include="..\src\hrtf\neighbors.c">
      <Filter>hrtf</Filter>
    </ClCompile>
    <ClCompile Include="..\src\hrtf\reader.c">
      <Filter>hrtf</Filter>
    </ClCompile>
    <ClCompile Include="..\src\hrtf\resample.c">
      <Filter>hrtf</Filter>
    </ClCompile>
    <ClCompile Include="..\src\hrtf\spherical.c">
      <Filter>hrtf</Filter>
    </ClCompile>
    <ClCompile Include="..\src\hrtf\tools.c">
      <Filter>hrtf</Filter>
    </ClCompile>
    <ClCompile Include="..\src\resampler\speex_resampler.c">
      <Filter>hrtf</Filter>
    </ClCompile>
  </ItemGroup>
</Project>